
Microsoft Visual Studio Solution File, Format Version 12.00
# Visual Studio Version 17
VisualStudioVersion = 17.2.32630.192
MinimumVisualStudioVersion = 10.0.40219.1
Project("{8BC9CEB8-8B4A-11D0-8D11-00A0C91BC942}") = "map", "map\map.vcxproj", "{4CC429D8-1D2D-4B1E-8B42-2BCBBCA6CD37}"
EndProject
Project("{8BC9CEB8-8B4A-11D0-8D11-00A0C91BC942}") = "map_test", "map_test\map_test.vcxproj", "{C8EC0713-558C-4CB6-B139-206E758641AE}"
	ProjectSection(ProjectDependencies) = postProject
		{4CC429D8-1D2D-4B1E-8B42-2BCBBCA6CD37} = {4CC429D8-1D2D-4B1E-8B42-2BCBBCA6CD37}
	EndProjectSection
EndProject
Global
	GlobalSection(SolutionConfigurationPlatforms) = preSolution
		Debug|x64 = Debug|x64
		Debug|x86 = Debug|x86
		Release|x64 = Release|x64
		Release|x86 = Release|x86
	EndGlobalSection
	GlobalSection(ProjectConfigurationPlatforms) = postSolution
		{4CC429D8-1D2D-4B1E-8B42-2BCBBCA6CD37}.Debug|x64.ActiveCfg = Debug|x64
		{4CC429D8-1D2D-4B1E-8B42-2BCBBCA6CD37}.Debug|x64.Build.0 = Debug|x64
		{4CC429D8-1D2D-4B1E-8B42-2BCBBCA6CD37}.Debug|x86.ActiveCfg = Debug|Win32
		{4CC429D8-1D2D-4B1E-8B42-2BCBBCA6CD37}.Debug|x86.Build.0 = Debug|Win32
		{4CC429D8-1D2D-4B1E-8B42-2BCBBCA6CD37}.Release|x64.ActiveCfg = Release|x64
		{4CC429D8-1D2D-4B1E-8B42-2BCBBCA6CD37}.Release|x64.Build.0 = Release|x64
		{4CC429D8-1D2D-4B1E-8B42-2BCBBCA6CD37}.Release|x86.ActiveCfg = Release|Win32
		{4CC429D8-1D2D-4B1E-8B42-2BCBBCA6CD37}.Release|x86.Build.0 = Release|Win32
		{C8EC0713-558C-4CB6-B139-206E758641AE}.Debug|x64.ActiveCfg = Debug|x64
		{C8EC0713-558C-4CB6-B139-206E758641AE}.Debug|x64.Build.0 = Debug|x64
		{C8EC0713-558C-4CB6-B139-206E758641AE}.Debug|x86.ActiveCfg = Debug|Win32
		{C8EC0713-558C-4CB6-B139-206E758641AE}.Debug|x86.Build.0 = Debug|Win32
		{C8EC0713-558C-4CB6-B139-206E758641AE}.Release|x64.ActiveCfg = Release|x64
		{C8EC0713-558C-4CB6-B139-206E758641AE}.Release|x64.Build.0 = Release|x64
		{C8EC0713-558C-4CB6-B139-206E758641AE}.Release|x86.ActiveCfg = Release|Win32
		{C8EC0713-558C-4CB6-B139-206E758641AE}.Release|x86.Build.0 = Release|Win32
	EndGlobalSection
	GlobalSection(SolutionProperties) = preSolution
		HideSolutionNode = FALSE
	EndGlobalSection
	GlobalSection(ExtensibilityGlobals) = postSolution
		SolutionGuid = {1E67D43A-E6D9-4495-8E6B-DF12CA970149}
	EndGlobalSection
EndGlobal
